
Microsoft Visual Studio Solution File, Format Version 12.00
# Visual Studio Version 17
VisualStudioVersion = 17.0.31903.59
MinimumVisualStudioVersion = 10.0.40219.1
Project("{2150E333-8FDC-42A3-9474-1A3956D46DE8}") = "Valuator", "Valuator", "{6334E6D4-FA86-41F6-B1E4-5622E4FA92F4}"
EndProject
Project("{FAE04EC0-301F-11D3-BF4B-00C04F79EFBC}") = "Valuator", "Valuator.csproj", "{3386CCEF-6BD2-485C-B449-D1C6B1FF886E}"
EndProject
Global
	GlobalSection(SolutionConfigurationPlatforms) = preSolution
		Debug|Any CPU = Debug|Any CPU
		Release|Any CPU = Release|Any CPU
	EndGlobalSection
	GlobalSection(SolutionProperties) = preSolution
		HideSolutionNode = FALSE
	EndGlobalSection
	GlobalSection(ProjectConfigurationPlatforms) = postSolution
		{3386CCEF-6BD2-485C-B449-D1C6B1FF886E}.Debug|Any CPU.ActiveCfg = Debug|Any CPU
		{3386CCEF-6BD2-485C-B449-D1C6B1FF886E}.Debug|Any CPU.Build.0 = Debug|Any CPU
		{3386CCEF-6BD2-485C-B449-D1C6B1FF886E}.Release|Any CPU.ActiveCfg = Release|Any CPU
		{3386CCEF-6BD2-485C-B449-D1C6B1FF886E}.Release|Any CPU.Build.0 = Release|Any CPU
	EndGlobalSection
	GlobalSection(NestedProjects) = preSolution
		{3386CCEF-6BD2-485C-B449-D1C6B1FF886E} = {6334E6D4-FA86-41F6-B1E4-5622E4FA92F4}
	EndGlobalSection
EndGlobal
